# This file is automatically @generated by Poetry 2.3.0 and should not be changed by hand.

[[package]]
name = "bar"
version = "1.2.3"
description = "Some description."
optional = false
python-versions = "~2.7 || ^3.4"
groups = ["main"]
files = []
develop = true

[package.source]
type = "directory"
url = "bar"

[metadata]
lock-version = "2.1"
python-versions = "~2.7 || ^3.4"
content-hash = "4bf28231e477206338f6afc67df322e7b3601fdbf1d704521e1676a33603768b"
